
Microsoft Visual Studio Solution File, Format Version 12.00
# Visual Studio Version 16
VisualStudioVersion = 16.0.30011.22
MinimumVisualStudioVersion = 10.0.40219.1
Project("{9A19103F-16F7-4668-BE54-9A1E7A4F7556}") = "CustomerInformation.Api", "CustomerInformation.Api\CustomerInformation.Api.csproj", "{FB046598-103C-494B-9001-8EBCF52B0A9F}"
EndProject
Project("{9A19103F-16F7-4668-BE54-9A1E7A4F7556}") = "CustomerInformation.Domains", "CustomerInformation.Domains\CustomerInformation.Domains.csproj", "{156C6470-FC9A-4158-BB7C-F91D20C57A95}"
EndProject
Project("{9A19103F-16F7-4668-BE54-9A1E7A4F7556}") = "CustomerInformation.Data", "CustomerInformation.Data\CustomerInformation.Data.csproj", "{D90AE77B-CFBB-4AF4-B6BE-4D784A4DBD6A}"
EndProject
Project("{9A19103F-16F7-4668-BE54-9A1E7A4F7556}") = "CustomerInformation.Applications", "CustomerInformation.Applications\CustomerInformation.Applications.csproj", "{6D2DE708-0946-473C-9362-D17E0DE014E6}"
EndProject
Project("{FAE04EC0-301F-11D3-BF4B-00C04F79EFBC}") = "CustomerInformation.Infrastructure", "CustomerInformation.Infrastructure\CustomerInformation.Infrastructure.csproj", "{32337AE7-CDDA-404D-A348-2853E5B5A098}"
EndProject
Global
	GlobalSection(SolutionConfigurationPlatforms) = preSolution
		Debug|Any CPU = Debug|Any CPU
		Release|Any CPU = Release|Any CPU
	EndGlobalSection
	GlobalSection(ProjectConfigurationPlatforms) = postSolution
		{FB046598-103C-494B-9001-8EBCF52B0A9F}.Debug|Any CPU.ActiveCfg = Debug|Any CPU
		{FB046598-103C-494B-9001-8EBCF52B0A9F}.Debug|Any CPU.Build.0 = Debug|Any CPU
		{FB046598-103C-494B-9001-8EBCF52B0A9F}.Release|Any CPU.ActiveCfg = Release|Any CPU
		{FB046598-103C-494B-9001-8EBCF52B0A9F}.Release|Any CPU.Build.0 = Release|Any CPU
		{156C6470-FC9A-4158-BB7C-F91D20C57A95}.Debug|Any CPU.ActiveCfg = Debug|Any CPU
		{156C6470-FC9A-4158-BB7C-F91D20C57A95}.Debug|Any CPU.Build.0 = Debug|Any CPU
		{156C6470-FC9A-4158-BB7C-F91D20C57A95}.Release|Any CPU.ActiveCfg = Release|Any CPU
		{156C6470-FC9A-4158-BB7C-F91D20C57A95}.Release|Any CPU.Build.0 = Release|Any CPU
		{D90AE77B-CFBB-4AF4-B6BE-4D784A4DBD6A}.Debug|Any CPU.ActiveCfg = Debug|Any CPU
		{D90AE77B-CFBB-4AF4-B6BE-4D784A4DBD6A}.Debug|Any CPU.Build.0 = Debug|Any CPU
		{D90AE77B-CFBB-4AF4-B6BE-4D784A4DBD6A}.Release|Any CPU.ActiveCfg = Release|Any CPU
		{D90AE77B-CFBB-4AF4-B6BE-4D784A4DBD6A}.Release|Any CPU.Build.0 = Release|Any CPU
		{6D2DE708-0946-473C-9362-D17E0DE014E6}.Debug|Any CPU.ActiveCfg = Debug|Any CPU
		{6D2DE708-0946-473C-9362-D17E0DE014E6}.Debug|Any CPU.Build.0 = Debug|Any CPU
		{6D2DE708-0946-473C-9362-D17E0DE014E6}.Release|Any CPU.ActiveCfg = Release|Any CPU
		{6D2DE708-0946-473C-9362-D17E0DE014E6}.Release|Any CPU.Build.0 = Release|Any CPU
		{32337AE7-CDDA-404D-A348-2853E5B5A098}.Debug|Any CPU.ActiveCfg = Debug|Any CPU
		{32337AE7-CDDA-404D-A348-2853E5B5A098}.Debug|Any CPU.Build.0 = Debug|Any CPU
		{32337AE7-CDDA-404D-A348-2853E5B5A098}.Release|Any CPU.ActiveCfg = Release|Any CPU
		{32337AE7-CDDA-404D-A348-2853E5B5A098}.Release|Any CPU.Build.0 = Release|Any CPU
	EndGlobalSection
	GlobalSection(SolutionProperties) = preSolution
		HideSolutionNode = FALSE
	EndGlobalSection
	GlobalSection(ExtensibilityGlobals) = postSolution
		SolutionGuid = {AA029D86-29E4-49C6-B368-067B0297C383}
	EndGlobalSection
EndGlobal
